
Microsoft Visual Studio Solution File, Format Version 12.00
# Visual Studio 15
VisualStudioVersion = 15.0.27428.2005
MinimumVisualStudioVersion = 10.0.40219.1
Project("{FAE04EC0-301F-11D3-BF4B-00C04F79EFBC}") = "Task5", "Task5\Task5.csproj", "{771CFC3B-1588-45CE-AFDF-A058F95D70DA}"
EndProject
Project("{FAE04EC0-301F-11D3-BF4B-00C04F79EFBC}") = "DAL", "DAL\DAL.csproj", "{195CFB16-213E-41AF-A615-48A713B5D46A}"
EndProject
Project("{FAE04EC0-301F-11D3-BF4B-00C04F79EFBC}") = "BLL", "BLL\BLL.csproj", "{B90BA7CC-96B9-499A-9EB9-A9073233CB76}"
EndProject
Global
	GlobalSection(SolutionConfigurationPlatforms) = preSolution
		Debug|Any CPU = Debug|Any CPU
		Release|Any CPU = Release|Any CPU
	EndGlobalSection
	GlobalSection(ProjectConfigurationPlatforms) = postSolution
		{771CFC3B-1588-45CE-AFDF-A058F95D70DA}.Debug|Any CPU.ActiveCfg = Debug|Any CPU
		{771CFC3B-1588-45CE-AFDF-A058F95D70DA}.Debug|Any CPU.Build.0 = Debug|Any CPU
		{771CFC3B-1588-45CE-AFDF-A058F95D70DA}.Release|Any CPU.ActiveCfg = Release|Any CPU
		{771CFC3B-1588-45CE-AFDF-A058F95D70DA}.Release|Any CPU.Build.0 = Release|Any CPU
		{195CFB16-213E-41AF-A615-48A713B5D46A}.Debug|Any CPU.ActiveCfg = Debug|Any CPU
		{195CFB16-213E-41AF-A615-48A713B5D46A}.Debug|Any CPU.Build.0 = Debug|Any CPU
		{195CFB16-213E-41AF-A615-48A713B5D46A}.Release|Any CPU.ActiveCfg = Release|Any CPU
		{195CFB16-213E-41AF-A615-48A713B5D46A}.Release|Any CPU.Build.0 = Release|Any CPU
		{B90BA7CC-96B9-499A-9EB9-A9073233CB76}.Debug|Any CPU.ActiveCfg = Debug|Any CPU
		{B90BA7CC-96B9-499A-9EB9-A9073233CB76}.Debug|Any CPU.Build.0 = Debug|Any CPU
		{B90BA7CC-96B9-499A-9EB9-A9073233CB76}.Release|Any CPU.ActiveCfg = Release|Any CPU
		{B90BA7CC-96B9-499A-9EB9-A9073233CB76}.Release|Any CPU.Build.0 = Release|Any CPU
	EndGlobalSection
	GlobalSection(SolutionProperties) = preSolution
		HideSolutionNode = FALSE
	EndGlobalSection
	GlobalSection(ExtensibilityGlobals) = postSolution
		SolutionGuid = {D5B86ABE-D45D-404E-9133-0C710C344DD2}
	EndGlobalSection
EndGlobal
